
Microsoft Visual Studio Solution File, Format Version 12.00
# Visual Studio Version 16
VisualStudioVersion = 16.0.30114.105
MinimumVisualStudioVersion = 10.0.40219.1
Project("{2150E333-8FDC-42A3-9474-1A3956D46DE8}") = "src", "src", "{E1845946-0EED-44E7-8FCD-D29EAF238E63}"
EndProject
Project("{2150E333-8FDC-42A3-9474-1A3956D46DE8}") = "Core", "Core", "{2D9DB25B-8970-49F8-92BD-45D8E45E025E}"
EndProject
Project("{FAE04EC0-301F-11D3-BF4B-00C04F79EFBC}") = "Application", "src\Core\Application\Application.csproj", "{B95AFD87-899C-4EF9-AFE7-DD73E77AF557}"
EndProject
Project("{FAE04EC0-301F-11D3-BF4B-00C04F79EFBC}") = "Domain", "src\Core\Domain\Domain.csproj", "{0EE96562-4E35-4820-967F-18537760DE9E}"
EndProject
Project("{2150E333-8FDC-42A3-9474-1A3956D46DE8}") = "Adapters", "Adapters", "{F325CA89-55B4-4359-8588-6F862F7661A4}"
EndProject
Project("{2150E333-8FDC-42A3-9474-1A3956D46DE8}") = "Driven", "Driven", "{AFF21818-9B4F-463E-A168-A65A2AF2B4CA}"
EndProject
Project("{FAE04EC0-301F-11D3-BF4B-00C04F79EFBC}") = "Infrastructure.Database", "src\Adapters\Driven\Infrastructure.Database\Infrastructure.Database.csproj", "{9F4782A6-2ACB-42E4-9D8A-E3BBC710F7E5}"
EndProject
Project("{2150E333-8FDC-42A3-9474-1A3956D46DE8}") = "Driving", "Driving", "{7D3430A9-EB79-4F4F-9969-F222E7298CC3}"
EndProject
Project("{FAE04EC0-301F-11D3-BF4B-00C04F79EFBC}") = "Api", "src\Adapters\Driving\Api\Api.csproj", "{EC93580D-F4F5-45BA-9E79-4DF6863BD494}"
EndProject
Project("{FAE04EC0-301F-11D3-BF4B-00C04F79EFBC}") = "Utils", "src\Core\Utils\Utils.csproj", "{B841F8CE-FA60-4EE9-82DC-F5220E074506}"
EndProject
Global
	GlobalSection(SolutionProperties) = preSolution
		HideSolutionNode = FALSE
	EndGlobalSection
	GlobalSection(SolutionConfigurationPlatforms) = preSolution
		Debug|Any CPU = Debug|Any CPU
		Debug|x64 = Debug|x64
		Debug|x86 = Debug|x86
		Release|Any CPU = Release|Any CPU
		Release|x64 = Release|x64
		Release|x86 = Release|x86
	EndGlobalSection
	GlobalSection(ProjectConfigurationPlatforms) = postSolution
		{B95AFD87-899C-4EF9-AFE7-DD73E77AF557}.Debug|Any CPU.ActiveCfg = Debug|Any CPU
		{B95AFD87-899C-4EF9-AFE7-DD73E77AF557}.Debug|Any CPU.Build.0 = Debug|Any CPU
		{B95AFD87-899C-4EF9-AFE7-DD73E77AF557}.Debug|x64.ActiveCfg = Debug|Any CPU
		{B95AFD87-899C-4EF9-AFE7-DD73E77AF557}.Debug|x64.Build.0 = Debug|Any CPU
		{B95AFD87-899C-4EF9-AFE7-DD73E77AF557}.Debug|x86.ActiveCfg = Debug|Any CPU
		{B95AFD87-899C-4EF9-AFE7-DD73E77AF557}.Debug|x86.Build.0 = Debug|Any CPU
		{B95AFD87-899C-4EF9-AFE7-DD73E77AF557}.Release|Any CPU.ActiveCfg = Release|Any CPU
		{B95AFD87-899C-4EF9-AFE7-DD73E77AF557}.Release|Any CPU.Build.0 = Release|Any CPU
		{B95AFD87-899C-4EF9-AFE7-DD73E77AF557}.Release|x64.ActiveCfg = Release|Any CPU
		{B95AFD87-899C-4EF9-AFE7-DD73E77AF557}.Release|x64.Build.0 = Release|Any CPU
		{B95AFD87-899C-4EF9-AFE7-DD73E77AF557}.Release|x86.ActiveCfg = Release|Any CPU
		{B95AFD87-899C-4EF9-AFE7-DD73E77AF557}.Release|x86.Build.0 = Release|Any CPU
		{0EE96562-4E35-4820-967F-18537760DE9E}.Debug|Any CPU.ActiveCfg = Debug|Any CPU
		{0EE96562-4E35-4820-967F-18537760DE9E}.Debug|Any CPU.Build.0 = Debug|Any CPU
		{0EE96562-4E35-4820-967F-18537760DE9E}.Debug|x64.ActiveCfg = Debug|Any CPU
		{0EE96562-4E35-4820-967F-18537760DE9E}.Debug|x64.Build.0 = Debug|Any CPU
		{0EE96562-4E35-4820-967F-18537760DE9E}.Debug|x86.ActiveCfg = Debug|Any CPU
		{0EE96562-4E35-4820-967F-18537760DE9E}.Debug|x86.Build.0 = Debug|Any CPU
		{0EE96562-4E35-4820-967F-18537760DE9E}.Release|Any CPU.ActiveCfg = Release|Any CPU
		{0EE96562-4E35-4820-967F-18537760DE9E}.Release|Any CPU.Build.0 = Release|Any CPU
		{0EE96562-4E35-4820-967F-18537760DE9E}.Release|x64.ActiveCfg = Release|Any CPU
		{0EE96562-4E35-4820-967F-18537760DE9E}.Release|x64.Build.0 = Release|Any CPU
		{0EE96562-4E35-4820-967F-18537760DE9E}.Release|x86.ActiveCfg = Release|Any CPU
		{0EE96562-4E35-4820-967F-18537760DE9E}.Release|x86.Build.0 = Release|Any CPU
		{9F4782A6-2ACB-42E4-9D8A-E3BBC710F7E5}.Debug|Any CPU.ActiveCfg = Debug|Any CPU
		{9F4782A6-2ACB-42E4-9D8A-E3BBC710F7E5}.Debug|Any CPU.Build.0 = Debug|Any CPU
		{9F4782A6-2ACB-42E4-9D8A-E3BBC710F7E5}.Debug|x64.ActiveCfg = Debug|Any CPU
		{9F4782A6-2ACB-42E4-9D8A-E3BBC710F7E5}.Debug|x64.Build.0 = Debug|Any CPU
		{9F4782A6-2ACB-42E4-9D8A-E3BBC710F7E5}.Debug|x86.ActiveCfg = Debug|Any CPU
		{9F4782A6-2ACB-42E4-9D8A-E3BBC710F7E5}.Debug|x86.Build.0 = Debug|Any CPU
		{9F4782A6-2ACB-42E4-9D8A-E3BBC710F7E5}.Release|Any CPU.ActiveCfg = Release|Any CPU
		{9F4782A6-2ACB-42E4-9D8A-E3BBC710F7E5}.Release|Any CPU.Build.0 = Release|Any CPU
		{9F4782A6-2ACB-42E4-9D8A-E3BBC710F7E5}.Release|x64.ActiveCfg = Release|Any CPU
		{9F4782A6-2ACB-42E4-9D8A-E3BBC710F7E5}.Release|x64.Build.0 = Release|Any CPU
		{9F4782A6-2ACB-42E4-9D8A-E3BBC710F7E5}.Release|x86.ActiveCfg = Release|Any CPU
		{9F4782A6-2ACB-42E4-9D8A-E3BBC710F7E5}.Release|x86.Build.0 = Release|Any CPU
		{EC93580D-F4F5-45BA-9E79-4DF6863BD494}.Debug|Any CPU.ActiveCfg = Debug|Any CPU
		{EC93580D-F4F5-45BA-9E79-4DF6863BD494}.Debug|Any CPU.Build.0 = Debug|Any CPU
		{EC93580D-F4F5-45BA-9E79-4DF6863BD494}.Debug|x64.ActiveCfg = Debug|Any CPU
		{EC93580D-F4F5-45BA-9E79-4DF6863BD494}.Debug|x64.Build.0 = Debug|Any CPU
		{EC93580D-F4F5-45BA-9E79-4DF6863BD494}.Debug|x86.ActiveCfg = Debug|Any CPU
		{EC93580D-F4F5-45BA-9E79-4DF6863BD494}.Debug|x86.Build.0 = Debug|Any CPU
		{EC93580D-F4F5-45BA-9E79-4DF6863BD494}.Release|Any CPU.ActiveCfg = Release|Any CPU
		{EC93580D-F4F5-45BA-9E79-4DF6863BD494}.Release|Any CPU.Build.0 = Release|Any CPU
		{EC93580D-F4F5-45BA-9E79-4DF6863BD494}.Release|x64.ActiveCfg = Release|Any CPU
		{EC93580D-F4F5-45BA-9E79-4DF6863BD494}.Release|x64.Build.0 = Release|Any CPU
		{EC93580D-F4F5-45BA-9E79-4DF6863BD494}.Release|x86.ActiveCfg = Release|Any CPU
		{EC93580D-F4F5-45BA-9E79-4DF6863BD494}.Release|x86.Build.0 = Release|Any CPU
		{B841F8CE-FA60-4EE9-82DC-F5220E074506}.Debug|Any CPU.ActiveCfg = Debug|Any CPU
		{B841F8CE-FA60-4EE9-82DC-F5220E074506}.Debug|Any CPU.Build.0 = Debug|Any CPU
		{B841F8CE-FA60-4EE9-82DC-F5220E074506}.Debug|x64.ActiveCfg = Debug|Any CPU
		{B841F8CE-FA60-4EE9-82DC-F5220E074506}.Debug|x64.Build.0 = Debug|Any CPU
		{B841F8CE-FA60-4EE9-82DC-F5220E074506}.Debug|x86.ActiveCfg = Debug|Any CPU
		{B841F8CE-FA60-4EE9-82DC-F5220E074506}.Debug|x86.Build.0 = Debug|Any CPU
		{B841F8CE-FA60-4EE9-82DC-F5220E074506}.Release|Any CPU.ActiveCfg = Release|Any CPU
		{B841F8CE-FA60-4EE9-82DC-F5220E074506}.Release|Any CPU.Build.0 = Release|Any CPU
		{B841F8CE-FA60-4EE9-82DC-F5220E074506}.Release|x64.ActiveCfg = Release|Any CPU
		{B841F8CE-FA60-4EE9-82DC-F5220E074506}.Release|x64.Build.0 = Release|Any CPU
		{B841F8CE-FA60-4EE9-82DC-F5220E074506}.Release|x86.ActiveCfg = Release|Any CPU
		{B841F8CE-FA60-4EE9-82DC-F5220E074506}.Release|x86.Build.0 = Release|Any CPU
	EndGlobalSection
	GlobalSection(NestedProjects) = preSolution
		{2D9DB25B-8970-49F8-92BD-45D8E45E025E} = {E1845946-0EED-44E7-8FCD-D29EAF238E63}
		{B95AFD87-899C-4EF9-AFE7-DD73E77AF557} = {2D9DB25B-8970-49F8-92BD-45D8E45E025E}
		{0EE96562-4E35-4820-967F-18537760DE9E} = {2D9DB25B-8970-49F8-92BD-45D8E45E025E}
		{F325CA89-55B4-4359-8588-6F862F7661A4} = {E1845946-0EED-44E7-8FCD-D29EAF238E63}
		{AFF21818-9B4F-463E-A168-A65A2AF2B4CA} = {F325CA89-55B4-4359-8588-6F862F7661A4}
		{9F4782A6-2ACB-42E4-9D8A-E3BBC710F7E5} = {AFF21818-9B4F-463E-A168-A65A2AF2B4CA}
		{7D3430A9-EB79-4F4F-9969-F222E7298CC3} = {F325CA89-55B4-4359-8588-6F862F7661A4}
		{EC93580D-F4F5-45BA-9E79-4DF6863BD494} = {7D3430A9-EB79-4F4F-9969-F222E7298CC3}
		{B841F8CE-FA60-4EE9-82DC-F5220E074506} = {2D9DB25B-8970-49F8-92BD-45D8E45E025E}
	EndGlobalSection
EndGlobal
